# THIS IS AN AUTOGENERATED FILE. DO NOT EDIT THIS FILE DIRECTLY.
# yarn lockfile v1


"@mongodb-js/saslprep@^1.1.0":
  version "1.1.0"
  resolved "https://registry.npmjs.org/@mongodb-js/saslprep/-/saslprep-1.1.0.tgz"
  integrity sha512-Xfijy7HvfzzqiOAhAepF4SGN5e9leLkMvg/OPOF97XemjfVCYN/oWa75wnkc6mltMSTwY+XlbhWgUOJmkFspSw==
  dependencies:
    sparse-bitfield "^3.0.3"

"@next/env@13.4.19":
  version "13.4.19"
  resolved "https://registry.npmjs.org/@next/env/-/env-13.4.19.tgz"
  integrity sha512-FsAT5x0jF2kkhNkKkukhsyYOrRqtSxrEhfliniIq0bwWbuXLgyt3Gv0Ml+b91XwjwArmuP7NxCiGd++GGKdNMQ==

"@next/swc-darwin-arm64@13.4.19":
  version "13.4.19"
  resolved "https://registry.yarnpkg.com/@next/swc-darwin-arm64/-/swc-darwin-arm64-13.4.19.tgz#77ad462b5ced4efdc26cb5a0053968d2c7dac1b6"
  integrity sha512-vv1qrjXeGbuF2mOkhkdxMDtv9np7W4mcBtaDnHU+yJG+bBwa6rYsYSCI/9Xm5+TuF5SbZbrWO6G1NfTh1TMjvQ==

"@next/swc-darwin-x64@13.4.19":
  version "13.4.19"
  resolved "https://registry.yarnpkg.com/@next/swc-darwin-x64/-/swc-darwin-x64-13.4.19.tgz#aebe38713a4ce536ee5f2a291673e14b715e633a"
  integrity sha512-jyzO6wwYhx6F+7gD8ddZfuqO4TtpJdw3wyOduR4fxTUCm3aLw7YmHGYNjS0xRSYGAkLpBkH1E0RcelyId6lNsw==

"@next/swc-linux-arm64-gnu@13.4.19":
  version "13.4.19"
  resolved "https://registry.yarnpkg.com/@next/swc-linux-arm64-gnu/-/swc-linux-arm64-gnu-13.4.19.tgz#ec54db65b587939c7b94f9a84800f003a380f5a6"
  integrity sha512-vdlnIlaAEh6H+G6HrKZB9c2zJKnpPVKnA6LBwjwT2BTjxI7e0Hx30+FoWCgi50e+YO49p6oPOtesP9mXDRiiUg==

"@next/swc-linux-arm64-musl@13.4.19":
  version "13.4.19"
  resolved "https://registry.yarnpkg.com/@next/swc-linux-arm64-musl/-/swc-linux-arm64-musl-13.4.19.tgz#1f5e2c1ea6941e7d530d9f185d5d64be04279d86"
  integrity sha512-aU0HkH2XPgxqrbNRBFb3si9Ahu/CpaR5RPmN2s9GiM9qJCiBBlZtRTiEca+DC+xRPyCThTtWYgxjWHgU7ZkyvA==

"@next/swc-linux-x64-gnu@13.4.19":
  version "13.4.19"
  resolved "https://registry.yarnpkg.com/@next/swc-linux-x64-gnu/-/swc-linux-x64-gnu-13.4.19.tgz#96b0882492a2f7ffcce747846d3680730f69f4d1"
  integrity sha512-htwOEagMa/CXNykFFeAHHvMJeqZfNQEoQvHfsA4wgg5QqGNqD5soeCer4oGlCol6NGUxknrQO6VEustcv+Md+g==

"@next/swc-linux-x64-musl@13.4.19":
  version "13.4.19"
  resolved "https://registry.yarnpkg.com/@next/swc-linux-x64-musl/-/swc-linux-x64-musl-13.4.19.tgz#f276b618afa321d2f7b17c81fc83f429fb0fd9d8"
  integrity sha512-4Gj4vvtbK1JH8ApWTT214b3GwUh9EKKQjY41hH/t+u55Knxi/0wesMzwQRhppK6Ddalhu0TEttbiJ+wRcoEj5Q==

"@next/swc-win32-arm64-msvc@13.4.19":
  version "13.4.19"
  resolved "https://registry.yarnpkg.com/@next/swc-win32-arm64-msvc/-/swc-win32-arm64-msvc-13.4.19.tgz#1599ae0d401da5ffca0947823dac577697cce577"
  integrity sha512-bUfDevQK4NsIAHXs3/JNgnvEY+LRyneDN788W2NYiRIIzmILjba7LaQTfihuFawZDhRtkYCv3JDC3B4TwnmRJw==

"@next/swc-win32-ia32-msvc@13.4.19":
  version "13.4.19"
  resolved "https://registry.yarnpkg.com/@next/swc-win32-ia32-msvc/-/swc-win32-ia32-msvc-13.4.19.tgz#55cdd7da90818f03e4da16d976f0cb22045d16fd"
  integrity sha512-Y5kikILFAr81LYIFaw6j/NrOtmiM4Sf3GtOc0pn50ez2GCkr+oejYuKGcwAwq3jiTKuzF6OF4iT2INPoxRycEA==

"@next/swc-win32-x64-msvc@13.4.19":
  version "13.4.19"
  resolved "https://registry.npmjs.org/@next/swc-win32-x64-msvc/-/swc-win32-x64-msvc-13.4.19.tgz"
  integrity sha512-YzA78jBDXMYiINdPdJJwGgPNT3YqBNNGhsthsDoWHL9p24tEJn9ViQf/ZqTbwSpX/RrkPupLfuuTH2sf73JBAw==

"@swc/helpers@0.5.1":
  version "0.5.1"
  resolved "https://registry.npmjs.org/@swc/helpers/-/helpers-0.5.1.tgz"
  integrity sha512-sJ902EfIzn1Fa+qYmjdQqh8tPsoxyBz+8yBKC2HKUxyezKJFwPGOn7pv4WY6QuQW//ySQi5lJjA/ZT9sNWWNTg==
  dependencies:
    tslib "^2.4.0"

"@types/node@*":
  version "20.5.9"
  resolved "https://registry.npmjs.org/@types/node/-/node-20.5.9.tgz"
  integrity sha512-PcGNd//40kHAS3sTlzKB9C9XL4K0sTup8nbG5lC14kzEteTNuAFh9u5nA0o5TWnSG2r/JNPRXFVcHJIIeRlmqQ==

"@types/webidl-conversions@*":
  version "7.0.0"
  resolved "https://registry.npmjs.org/@types/webidl-conversions/-/webidl-conversions-7.0.0.tgz"
  integrity sha512-xTE1E+YF4aWPJJeUzaZI5DRntlkY3+BCVJi0axFptnjGmAoWxkyREIh/XMrfxVLejwQxMCfDXdICo0VLxThrog==

"@types/whatwg-url@^8.2.1":
  version "8.2.2"
  resolved "https://registry.npmjs.org/@types/whatwg-url/-/whatwg-url-8.2.2.tgz"
  integrity sha512-FtQu10RWgn3D9U4aazdwIE2yzphmTJREDqNdODHrbrZmmMqI0vMheC/6NE/J1Yveaj8H+ela+YwWTjq5PGmuhA==
  dependencies:
    "@types/node" "*"
    "@types/webidl-conversions" "*"

anymatch@~3.1.2:
  version "3.1.3"
  resolved "https://registry.npmjs.org/anymatch/-/anymatch-3.1.3.tgz"
  integrity sha512-KMReFUr0B4t+D+OBkjR3KYqvocp2XaSzO55UcB6mgQMd3KbcE+mWTyvVV7D/zsdEbNnV6acZUutkiHQXvTr1Rw==
  dependencies:
    normalize-path "^3.0.0"
    picomatch "^2.0.4"

bcryptjs@^2.4.3:
  version "2.4.3"
  resolved "https://registry.npmjs.org/bcryptjs/-/bcryptjs-2.4.3.tgz"
  integrity sha512-V/Hy/X9Vt7f3BbPJEi8BdVFMByHi+jNXrYkW3huaybV/kQ0KJg0Y6PkEMbn+zeT+i+SiKZ/HMqJGIIt4LZDqNQ==

binary-extensions@^2.0.0:
  version "2.2.0"
  resolved "https://registry.npmjs.org/binary-extensions/-/binary-extensions-2.2.0.tgz"
  integrity sha512-jDctJ/IVQbZoJykoeHbhXpOlNBqGNcwXJKJog42E5HDPUwQTSdjCHdihjj0DlnheQ7blbT6dHOafNAiS8ooQKA==

braces@~3.0.2:
  version "3.0.2"
  resolved "https://registry.npmjs.org/braces/-/braces-3.0.2.tgz"
  integrity sha512-b8um+L1RzM3WDSzvhm6gIz1yfTbBt6YTlcEKAvsmqCZZFw46z626lVj9j1yEPW33H5H+lBQpZMP1k8l+78Ha0A==
  dependencies:
    fill-range "^7.0.1"

bson@^5.4.0:
  version "5.4.0"
  resolved "https://registry.npmjs.org/bson/-/bson-5.4.0.tgz"
  integrity sha512-WRZ5SQI5GfUuKnPTNmAYPiKIof3ORXAF4IRU5UcgmivNIon01rWQlw5RUH954dpu8yGL8T59YShVddIPaU/gFA==

busboy@1.6.0:
  version "1.6.0"
  resolved "https://registry.npmjs.org/busboy/-/busboy-1.6.0.tgz"
  integrity sha512-8SFQbg/0hQ9xy3UNTB0YEnsNBbWfhf7RtnzpL7TkBiTBRfrQ9Fxcnz7VJsleJpyp6rVLvXiuORqjlHi5q+PYuA==
  dependencies:
    streamsearch "^1.1.0"

caniuse-lite@^1.0.30001406:
  version "1.0.30001525"
  resolved "https://registry.npmjs.org/caniuse-lite/-/caniuse-lite-1.0.30001525.tgz"
  integrity sha512-/3z+wB4icFt3r0USMwxujAqRvaD/B7rvGTsKhbhSQErVrJvkZCLhgNLJxU8MevahQVH6hCU9FsHdNUFbiwmE7Q==

"chokidar@>=3.0.0 <4.0.0":
  version "3.5.3"
  resolved "https://registry.npmjs.org/chokidar/-/chokidar-3.5.3.tgz"
  integrity sha512-Dr3sfKRP6oTcjf2JmUmFJfeVMvXBdegxB0iVQ5eb2V10uFJUCAS8OByZdVAyVb8xXNz3GjjTgj9kLWsZTqE6kw==
  dependencies:
    anymatch "~3.1.2"
    braces "~3.0.2"
    glob-parent "~5.1.2"
    is-binary-path "~2.1.0"
    is-glob "~4.0.1"
    normalize-path "~3.0.0"
    readdirp "~3.6.0"
  optionalDependencies:
    fsevents "~2.3.2"

client-only@0.0.1:
  version "0.0.1"
  resolved "https://registry.npmjs.org/client-only/-/client-only-0.0.1.tgz"
  integrity sha512-IV3Ou0jSMzZrd3pZ48nLkT9DA7Ag1pnPzaiQhpW7c3RbcqqzvzzVu+L8gfqMp/8IM2MQtSiqaCxrrcfu8I8rMA==

cloudinary-core@^2.13.0:
  version "2.13.0"
  resolved "https://registry.yarnpkg.com/cloudinary-core/-/cloudinary-core-2.13.0.tgz#b59f90871b6c708c3d0735b9be47ac08181c57fb"
  integrity sha512-Nt0Q5I2FtenmJghtC4YZ3MZZbGg1wLm84SsxcuVwZ83OyJqG9CNIGp86CiI6iDv3QobaqBUpOT7vg+HqY5HxEA==

cloudinary@^1.40.0:
  version "1.40.0"
  resolved "https://registry.yarnpkg.com/cloudinary/-/cloudinary-1.40.0.tgz#34a7de414b4526021c8e25cc66c3122721d91be6"
  integrity sha512-Fifkl8NRw/M+Enw4cKCXc6e0Or28c5y6RVGYS3OCLzT1W8EfBt416FURhLuuL/S4BCVv8bSilmnM746kCtth3g==
  dependencies:
    cloudinary-core "^2.13.0"
    core-js "^3.30.1"
    lodash "^4.17.21"
    q "^1.5.1"

clsx@^1.1.1:
  version "1.2.1"
  resolved "https://registry.npmjs.org/clsx/-/clsx-1.2.1.tgz"
  integrity sha512-EcR6r5a8bj6pu3ycsa/E/cKVGuTgZJZdsyUYHOksG/UHIiKfjxzRxYJpyVBwYaQeOvghal9fcc4PidlgzugAQg==

color-name-to-code@^1.0.1:
  version "1.0.1"
  resolved "https://registry.yarnpkg.com/color-name-to-code/-/color-name-to-code-1.0.1.tgz#6d896f6891ecf558fd314716dd79a186d7e50ed2"
  integrity sha512-xoOpke6BnxUHcRPfRTRDGrW0nvhygVFrOHAEr2Psypa3yWr6Q0bLJUkSoWbXfdy4WEDUUlum15bJvz7Z9wElDQ==
  dependencies:
    color-name "^2.0.0"

color-name@^2.0.0:
  version "2.0.0"
  resolved "https://registry.yarnpkg.com/color-name/-/color-name-2.0.0.tgz#03ff6b1b5aec9bb3cf1ed82400c2790dfcd01d2d"
  integrity sha512-SbtvAMWvASO5TE2QP07jHBMXKafgdZz8Vrsrn96fiL+O92/FN/PLARzUW5sKt013fjAprK2d2iCn2hk2Xb5oow==

core-js@^3.30.1:
  version "3.32.2"
  resolved "https://registry.yarnpkg.com/core-js/-/core-js-3.32.2.tgz#172fb5949ef468f93b4be7841af6ab1f21992db7"
  integrity sha512-pxXSw1mYZPDGvTQqEc5vgIb83jGQKFGYWY76z4a7weZXUolw3G+OvpZqSRcfYOoOVUQJYEPsWeQK8pKEnUtWxQ==

debug@4.x:
  version "4.3.4"
  resolved "https://registry.npmjs.org/debug/-/debug-4.3.4.tgz"
  integrity sha512-PRWFHuSU3eDtQJPvnNY7Jcket1j0t5OuOsFzPPzsekD52Zl8qUfFIPEiswXqIvHWGVHOgX+7G/vCNNhehwxfkQ==
  dependencies:
    ms "2.1.2"

fill-range@^7.0.1:
  version "7.0.1"
  resolved "https://registry.npmjs.org/fill-range/-/fill-range-7.0.1.tgz"
  integrity sha512-qOo9F+dMUmC2Lcb4BbVvnKJxTPjCm+RRpe4gDuGrzkL7mEVl/djYSu2OdQ2Pa302N4oqkSg9ir6jaLWJ2USVpQ==
  dependencies:
    to-regex-range "^5.0.1"

fsevents@~2.3.2:
  version "2.3.3"
  resolved "https://registry.yarnpkg.com/fsevents/-/fsevents-2.3.3.tgz#cac6407785d03675a2a5e1a5305c697b347d90d6"
  integrity sha512-5xoDfX+fL7faATnagmWPpbFtwh/R77WmMMqqHGS65C3vvB0YHrgF+B1YmZ3441tMj5n63k0212XNoJwzlhffQw==

glob-parent@~5.1.2:
  version "5.1.2"
  resolved "https://registry.npmjs.org/glob-parent/-/glob-parent-5.1.2.tgz"
  integrity sha512-AOIgSQCepiJYwP3ARnGx+5VnTu2HBYdzbGP45eLw1vr3zB3vZLeyed1sC9hnbcOc9/SrMyM5RPQrkGz4aS9Zow==
  dependencies:
    is-glob "^4.0.1"

glob-to-regexp@^0.4.1:
  version "0.4.1"
  resolved "https://registry.npmjs.org/glob-to-regexp/-/glob-to-regexp-0.4.1.tgz"
  integrity sha512-lkX1HJXwyMcprw/5YUZc2s7DrpAiHB21/V+E1rHUrVNokkvB6bqMzT0VfV6/86ZNabt1k14YOIaT7nDvOX3Iiw==

graceful-fs@^4.1.2:
  version "4.2.11"
  resolved "https://registry.npmjs.org/graceful-fs/-/graceful-fs-4.2.11.tgz"
  integrity sha512-RbJ5/jmFcNNCcDV5o9eTnBLJ/HszWV0P73bc+Ff4nS/rJj+YaS6IGyiOL0VoBYX+l1Wrl3k63h/KrH+nhJ0XvQ==

immutable@^4.0.0:
  version "4.3.4"
  resolved "https://registry.yarnpkg.com/immutable/-/immutable-4.3.4.tgz#2e07b33837b4bb7662f288c244d1ced1ef65a78f"
  integrity sha512-fsXeu4J4i6WNWSikpI88v/PcVflZz+6kMhUfIwc5SY+poQRPnaf5V7qds6SUyUN3cVxEzuCab7QIoLOQ+DQ1wA==

ip@^2.0.0:
  version "2.0.0"
  resolved "https://registry.npmjs.org/ip/-/ip-2.0.0.tgz"
  integrity sha512-WKa+XuLG1A1R0UWhl2+1XQSi+fZWMsYKffMZTTYsiZaUD8k2yDAj5atimTUD2TZkyCkNEeYE5NhFZmupOGtjYQ==

is-binary-path@~2.1.0:
  version "2.1.0"
  resolved "https://registry.npmjs.org/is-binary-path/-/is-binary-path-2.1.0.tgz"
  integrity sha512-ZMERYes6pDydyuGidse7OsHxtbI7WVeUEozgR/g7rd0xUimYNlvZRE/K2MgZTjWy725IfelLeVcEM97mmtRGXw==
  dependencies:
    binary-extensions "^2.0.0"

is-extglob@^2.1.1:
  version "2.1.1"
  resolved "https://registry.npmjs.org/is-extglob/-/is-extglob-2.1.1.tgz"
  integrity sha512-SbKbANkN603Vi4jEZv49LeVJMn4yGwsbzZworEoyEiutsN3nJYdbO36zfhGJ6QEDpOZIFkDtnq5JRxmvl3jsoQ==

is-glob@^4.0.1, is-glob@~4.0.1:
  version "4.0.3"
  resolved "https://registry.npmjs.org/is-glob/-/is-glob-4.0.3.tgz"
  integrity sha512-xelSayHH36ZgE7ZWhli7pW34hNbNl8Ojv5KVmkJD4hBdD3th8Tfk9vYasLM+mXWOZhFkgZfxhLSnrwRr4elSSg==
  dependencies:
    is-extglob "^2.1.1"

is-number@^7.0.0:
  version "7.0.0"
  resolved "https://registry.npmjs.org/is-number/-/is-number-7.0.0.tgz"
  integrity sha512-41Cifkg6e8TylSpdtTpeLVMqvSBEVzTttHvERD741+pnZ8ANv0004MRL43QKPDlK9cGvNp6NZWZUBlbGXYxxng==

jose@^4.14.6:
  version "4.14.6"
  resolved "https://registry.npmjs.org/jose/-/jose-4.14.6.tgz"
  integrity sha512-EqJPEUlZD0/CSUMubKtMaYUOtWe91tZXTWMJZoKSbLk+KtdhNdcvppH8lA9XwVu2V4Ailvsj0GBZJ2ZwDjfesQ==

"js-tokens@^3.0.0 || ^4.0.0":
  version "4.0.0"
  resolved "https://registry.npmjs.org/js-tokens/-/js-tokens-4.0.0.tgz"
  integrity sha512-RdJUflcE3cUzKiMqQgsCu06FPu9UdIJO0beYbPhHN4k6apgJtifcoCtT9bcxOpYBtpD2kCM6Sbzg4CausW/PKQ==

kareem@2.5.1:
  version "2.5.1"
  resolved "https://registry.npmjs.org/kareem/-/kareem-2.5.1.tgz"
  integrity sha512-7jFxRVm+jD+rkq3kY0iZDJfsO2/t4BBPeEb2qKn2lR/9KhuksYk5hxzfRYWMPV8P/x2d0kHD306YyWLzjjH+uA==

lodash@^4.17.21:
  version "4.17.21"
  resolved "https://registry.yarnpkg.com/lodash/-/lodash-4.17.21.tgz#679591c564c3bffaae8454cf0b3df370c3d6911c"
  integrity sha512-v2kDEe57lecTulaDIuNTPy3Ry4gLGJ6Z1O3vE1krgXZNrsQ+LFTGHVxVjcXPs17LhbZVGedAJv8XZ1tvj5FvSg==

loose-envify@^1.1.0:
  version "1.4.0"
  resolved "https://registry.npmjs.org/loose-envify/-/loose-envify-1.4.0.tgz"
  integrity sha512-lyuxPGr/Wfhrlem2CL/UcnUc1zcqKAImBDzukY7Y5F/yQiNdko6+fRLevlw1HgMySw7f611UIY408EtxRSoK3Q==
  dependencies:
    js-tokens "^3.0.0 || ^4.0.0"

memory-pager@^1.0.2:
  version "1.5.0"
  resolved "https://registry.npmjs.org/memory-pager/-/memory-pager-1.5.0.tgz"
  integrity sha512-ZS4Bp4r/Zoeq6+NLJpP+0Zzm0pR8whtGPf1XExKLJBAczGMnSi3It14OiNCStjQjM6NU1okjQGSxgEZN8eBYKg==

mongodb-connection-string-url@^2.6.0:
  version "2.6.0"
  resolved "https://registry.npmjs.org/mongodb-connection-string-url/-/mongodb-connection-string-url-2.6.0.tgz"
  integrity sha512-WvTZlI9ab0QYtTYnuMLgobULWhokRjtC7db9LtcVfJ+Hsnyr5eo6ZtNAt3Ly24XZScGMelOcGtm7lSn0332tPQ==
  dependencies:
    "@types/whatwg-url" "^8.2.1"
    whatwg-url "^11.0.0"

mongodb@5.8.1:
  version "5.8.1"
  resolved "https://registry.npmjs.org/mongodb/-/mongodb-5.8.1.tgz"
  integrity sha512-wKyh4kZvm6NrCPH8AxyzXm3JBoEf4Xulo0aUWh3hCgwgYJxyQ1KLST86ZZaSWdj6/kxYUA3+YZuyADCE61CMSg==
  dependencies:
    bson "^5.4.0"
    mongodb-connection-string-url "^2.6.0"
    socks "^2.7.1"
  optionalDependencies:
    "@mongodb-js/saslprep" "^1.1.0"

mongoose@^7.5.0:
  version "7.5.0"
  resolved "https://registry.npmjs.org/mongoose/-/mongoose-7.5.0.tgz"
  integrity sha512-FpOWOb0AJuaVcplmEyIJ2eCbVGe4gOoniPD+pmft5BrGrNrsFcnYXlERdXtBApGHMHPwD7WbxTyhCbUNr72F3Q==
  dependencies:
    bson "^5.4.0"
    kareem "2.5.1"
    mongodb "5.8.1"
    mpath "0.9.0"
    mquery "5.0.0"
    ms "2.1.3"
    sift "16.0.1"

mpath@0.9.0:
  version "0.9.0"
  resolved "https://registry.npmjs.org/mpath/-/mpath-0.9.0.tgz"
  integrity sha512-ikJRQTk8hw5DEoFVxHG1Gn9T/xcjtdnOKIU1JTmGjZZlg9LST2mBLmcX3/ICIbgJydT2GOc15RnNy5mHmzfSew==

mquery@5.0.0:
  version "5.0.0"
  resolved "https://registry.npmjs.org/mquery/-/mquery-5.0.0.tgz"
  integrity sha512-iQMncpmEK8R8ncT8HJGsGc9Dsp8xcgYMVSbs5jgnm1lFHTZqMJTUWTDx1LBO8+mK3tPNZWFLBghQEIOULSTHZg==
  dependencies:
    debug "4.x"

ms@2.1.2:
  version "2.1.2"
  resolved "https://registry.npmjs.org/ms/-/ms-2.1.2.tgz"
  integrity sha512-sGkPx+VjMtmA6MX27oA4FBFELFCZZ4S4XqeGOXCv68tT+jb3vk/RyaKWP0PTKyWtmLSM0b+adUTEvbs1PEaH2w==

ms@2.1.3:
  version "2.1.3"
  resolved "https://registry.npmjs.org/ms/-/ms-2.1.3.tgz"
  integrity sha512-6FlzubTLZG3J2a/NVCAleEhjzq5oxgHyaCU9yYXvcLsvoVaHJq/s5xXI6/XXP6tz7R9xAOtHnSO/tXtF3WRTlA==

nanoid@^3.3.4:
  version "3.3.6"
  resolved "https://registry.npmjs.org/nanoid/-/nanoid-3.3.6.tgz"
  integrity sha512-BGcqMMJuToF7i1rt+2PWSNVnWIkGCU78jBG3RxO/bZlnZPK2Cmi2QaffxGO/2RvWi9sL+FAiRiXMgsyxQ1DIDA==

next@^13.4.19:
  version "13.4.19"
  resolved "https://registry.npmjs.org/next/-/next-13.4.19.tgz"
  integrity sha512-HuPSzzAbJ1T4BD8e0bs6B9C1kWQ6gv8ykZoRWs5AQoiIuqbGHHdQO7Ljuvg05Q0Z24E2ABozHe6FxDvI6HfyAw==
  dependencies:
    "@next/env" "13.4.19"
    "@swc/helpers" "0.5.1"
    busboy "1.6.0"
    caniuse-lite "^1.0.30001406"
    postcss "8.4.14"
    styled-jsx "5.1.1"
    watchpack "2.4.0"
    zod "3.21.4"
  optionalDependencies:
    "@next/swc-darwin-arm64" "13.4.19"
    "@next/swc-darwin-x64" "13.4.19"
    "@next/swc-linux-arm64-gnu" "13.4.19"
    "@next/swc-linux-arm64-musl" "13.4.19"
    "@next/swc-linux-x64-gnu" "13.4.19"
    "@next/swc-linux-x64-musl" "13.4.19"
    "@next/swc-win32-arm64-msvc" "13.4.19"
    "@next/swc-win32-ia32-msvc" "13.4.19"
    "@next/swc-win32-x64-msvc" "13.4.19"

normalize-path@^3.0.0, normalize-path@~3.0.0:
  version "3.0.0"
  resolved "https://registry.npmjs.org/normalize-path/-/normalize-path-3.0.0.tgz"
  integrity sha512-6eZs5Ls3WtCisHWp9S2GUy8dqkpGi4BVSz3GaqiE6ezub0512ESztXUwUB6C6IKbQkY2Pnb/mD4WYojCRwcwLA==

picocolors@^1.0.0:
  version "1.0.0"
  resolved "https://registry.npmjs.org/picocolors/-/picocolors-1.0.0.tgz"
  integrity sha512-1fygroTLlHu66zi26VoTDv8yRgm0Fccecssto+MhsZ0D/DGW2sm8E8AjW7NU5VVTRt5GxbeZ5qBuJr+HyLYkjQ==

picomatch@^2.0.4, picomatch@^2.2.1:
  version "2.3.1"
  resolved "https://registry.npmjs.org/picomatch/-/picomatch-2.3.1.tgz"
  integrity sha512-JU3teHTNjmE2VCGFzuY8EXzCDVwEqB2a8fsIvwaStHhAWJEeVd1o1QD80CU6+ZdEXXSLbSsuLwJjkCBWqRQUVA==

postcss@8.4.14:
  version "8.4.14"
  resolved "https://registry.npmjs.org/postcss/-/postcss-8.4.14.tgz"
  integrity sha512-E398TUmfAYFPBSdzgeieK2Y1+1cpdxJx8yXbK/m57nRhKSmk1GB2tO4lbLBtlkfPQTDKfe4Xqv1ASWPpayPEig==
  dependencies:
    nanoid "^3.3.4"
    picocolors "^1.0.0"
    source-map-js "^1.0.2"

punycode@^2.1.1:
  version "2.3.0"
  resolved "https://registry.npmjs.org/punycode/-/punycode-2.3.0.tgz"
  integrity sha512-rRV+zQD8tVFys26lAGR9WUuS4iUAngJScM+ZRSKtvl5tKeZ2t5bvdNFdNHBW9FWR4guGHlgmsZ1G7BSm2wTbuA==

q@^1.5.1:
  version "1.5.1"
  resolved "https://registry.yarnpkg.com/q/-/q-1.5.1.tgz#7e32f75b41381291d04611f1bf14109ac00651d7"
  integrity sha512-kV/CThkXo6xyFEZUugw/+pIOywXcDbFYgSct5cT3gqlbkBE1SJdwy6UQoZvodiWF/ckQLZyDE/Bu1M6gVu5lVw==

react-dom@18.2.0:
  version "18.2.0"
  resolved "https://registry.npmjs.org/react-dom/-/react-dom-18.2.0.tgz"
  integrity sha512-6IMTriUmvsjHUjNtEDudZfuDQUoWXVxKHhlEGSk81n4YFS+r/Kl99wXiwlVXtPBtJenozv2P+hxDsw9eA7Xo6g==
  dependencies:
    loose-envify "^1.1.0"
    scheduler "^0.23.0"

react-icons@^4.10.1:
  version "4.10.1"
  resolved "https://registry.npmjs.org/react-icons/-/react-icons-4.10.1.tgz"
  integrity sha512-/ngzDP/77tlCfqthiiGNZeYFACw85fUjZtLbedmJ5DTlNDIwETxhwBzdOJ21zj4iJdvc0J3y7yOsX3PpxAJzrw==

react-toastify@^9.1.3:
  version "9.1.3"
  resolved "https://registry.npmjs.org/react-toastify/-/react-toastify-9.1.3.tgz"
  integrity sha512-fPfb8ghtn/XMxw3LkxQBk3IyagNpF/LIKjOBflbexr2AWxAH1MJgvnESwEwBn9liLFXgTKWgBSdZpw9m4OTHTg==
  dependencies:
    clsx "^1.1.1"

react@18.2.0:
  version "18.2.0"
  resolved "https://registry.npmjs.org/react/-/react-18.2.0.tgz"
  integrity sha512-/3IjMdb2L9QbBdWiW5e3P2/npwMBaU9mHCSCUzNln0ZCYbcfTsGbTJrU/kGemdH2IWmB2ioZ+zkxtmq6g09fGQ==
  dependencies:
    loose-envify "^1.1.0"

readdirp@~3.6.0:
  version "3.6.0"
  resolved "https://registry.npmjs.org/readdirp/-/readdirp-3.6.0.tgz"
  integrity sha512-hOS089on8RduqdbhvQ5Z37A0ESjsqz6qnRcffsMU3495FuTdqSm+7bhJ29JvIOsBDEEnan5DPu9t3To9VRlMzA==
  dependencies:
    picomatch "^2.2.1"

sass@^1.68.0:
  version "1.68.0"
  resolved "https://registry.yarnpkg.com/sass/-/sass-1.68.0.tgz#0034b0cc9a50248b7d1702ac166fd25990023669"
  integrity sha512-Lmj9lM/fef0nQswm1J2HJcEsBUba4wgNx2fea6yJHODREoMFnwRpZydBnX/RjyXw2REIwdkbqE4hrTo4qfDBUA==
  dependencies:
    chokidar ">=3.0.0 <4.0.0"
    immutable "^4.0.0"
    source-map-js ">=0.6.2 <2.0.0"

scheduler@^0.23.0:
  version "0.23.0"
  resolved "https://registry.npmjs.org/scheduler/-/scheduler-0.23.0.tgz"
  integrity sha512-CtuThmgHNg7zIZWAXi3AsyIzA3n4xx7aNyjwC2VJldO2LMVDhFK+63xGqq6CsJH4rTAt6/M+N4GhZiDYPx9eUw==
  dependencies:
    loose-envify "^1.1.0"

sift@16.0.1:
  version "16.0.1"
  resolved "https://registry.npmjs.org/sift/-/sift-16.0.1.tgz"
  integrity sha512-Wv6BjQ5zbhW7VFefWusVP33T/EM0vYikCaQ2qR8yULbsilAT8/wQaXvuQ3ptGLpoKx+lihJE3y2UTgKDyyNHZQ==

smart-buffer@^4.2.0:
  version "4.2.0"
  resolved "https://registry.npmjs.org/smart-buffer/-/smart-buffer-4.2.0.tgz"
  integrity sha512-94hK0Hh8rPqQl2xXc3HsaBoOXKV20MToPkcXvwbISWLEs+64sBq5kFgn2kJDHb1Pry9yrP0dxrCI9RRci7RXKg==

socks@^2.7.1:
  version "2.7.1"
  resolved "https://registry.npmjs.org/socks/-/socks-2.7.1.tgz"
  integrity sha512-7maUZy1N7uo6+WVEX6psASxtNlKaNVMlGQKkG/63nEDdLOWNbiUMoLK7X4uYoLhQstau72mLgfEWcXcwsaHbYQ==
  dependencies:
    ip "^2.0.0"
    smart-buffer "^4.2.0"

"source-map-js@>=0.6.2 <2.0.0", source-map-js@^1.0.2:
  version "1.0.2"
  resolved "https://registry.npmjs.org/source-map-js/-/source-map-js-1.0.2.tgz"
  integrity sha512-R0XvVJ9WusLiqTCEiGCmICCMplcCkIwwR11mOSD9CR5u+IXYdiseeEuXCVAjS54zqwkLcPNnmU4OeJ6tUrWhDw==

sparse-bitfield@^3.0.3:
  version "3.0.3"
  resolved "https://registry.npmjs.org/sparse-bitfield/-/sparse-bitfield-3.0.3.tgz"
  integrity sha512-kvzhi7vqKTfkh0PZU+2D2PIllw2ymqJKujUcyPMd9Y75Nv4nPbGJZXNhxsgdQab2BmlDct1YnfQCguEvHr7VsQ==
  dependencies:
    memory-pager "^1.0.2"

streamsearch@^1.1.0:
  version "1.1.0"
  resolved "https://registry.npmjs.org/streamsearch/-/streamsearch-1.1.0.tgz"
  integrity sha512-Mcc5wHehp9aXz1ax6bZUyY5afg9u2rv5cqQI3mRrYkGC8rW2hM02jWuwjtL++LS5qinSyhj2QfLyNsuc+VsExg==

styled-jsx@5.1.1:
  version "5.1.1"
  resolved "https://registry.npmjs.org/styled-jsx/-/styled-jsx-5.1.1.tgz"
  integrity sha512-pW7uC1l4mBZ8ugbiZrcIsiIvVx1UmTfw7UkC3Um2tmfUq9Bhk8IiyEIPl6F8agHgjzku6j0xQEZbfA5uSgSaCw==
  dependencies:
    client-only "0.0.1"

to-regex-range@^5.0.1:
  version "5.0.1"
  resolved "https://registry.npmjs.org/to-regex-range/-/to-regex-range-5.0.1.tgz"
  integrity sha512-65P7iz6X5yEr1cwcgvQxbbIw7Uk3gOy5dIdtZ4rDveLqhrdJP+Li/Hx6tyK0NEb+2GCyneCMJiGqrADCSNk8sQ==
  dependencies:
    is-number "^7.0.0"

tr46@^3.0.0:
  version "3.0.0"
  resolved "https://registry.npmjs.org/tr46/-/tr46-3.0.0.tgz"
  integrity sha512-l7FvfAHlcmulp8kr+flpQZmVwtu7nfRV7NZujtN0OqES8EL4O4e0qqzL0DC5gAvx/ZC/9lk6rhcUwYvkBnBnYA==
  dependencies:
    punycode "^2.1.1"

tslib@^2.4.0:
  version "2.6.2"
  resolved "https://registry.npmjs.org/tslib/-/tslib-2.6.2.tgz"
  integrity sha512-AEYxH93jGFPn/a2iVAwW87VuUIkR1FVUKB77NwMF7nBTDkDrrT/Hpt/IrCJ0QXhW27jTBDcf5ZY7w6RiqTMw2Q==

watchpack@2.4.0:
  version "2.4.0"
  resolved "https://registry.npmjs.org/watchpack/-/watchpack-2.4.0.tgz"
  integrity sha512-Lcvm7MGST/4fup+ifyKi2hjyIAwcdI4HRgtvTpIUxBRhB+RFtUh8XtDOxUfctVCnhVi+QQj49i91OyvzkJl6cg==
  dependencies:
    glob-to-regexp "^0.4.1"
    graceful-fs "^4.1.2"

webidl-conversions@^7.0.0:
  version "7.0.0"
  resolved "https://registry.npmjs.org/webidl-conversions/-/webidl-conversions-7.0.0.tgz"
  integrity sha512-VwddBukDzu71offAQR975unBIGqfKZpM+8ZX6ySk8nYhVoo5CYaZyzt3YBvYtRtO+aoGlqxPg/B87NGVZ/fu6g==

whatwg-url@^11.0.0:
  version "11.0.0"
  resolved "https://registry.npmjs.org/whatwg-url/-/whatwg-url-11.0.0.tgz"
  integrity sha512-RKT8HExMpoYx4igMiVMY83lN6UeITKJlBQ+vR/8ZJ8OCdSiN3RwCq+9gH0+Xzj0+5IrM6i4j/6LuvzbZIQgEcQ==
  dependencies:
    tr46 "^3.0.0"
    webidl-conversions "^7.0.0"

zod@3.21.4:
  version "3.21.4"
  resolved "https://registry.npmjs.org/zod/-/zod-3.21.4.tgz"
  integrity sha512-m46AKbrzKVzOzs/DZgVnG5H55N1sv1M8qZU3A8RIKbs3mrACDNeIOeilDymVb2HdmP8uwshOCF4uJ8uM9rCqJw==
